// !$*UTF8*$!
{
	archiveVersion = 1;
	classes = {
	};
	objectVersion = 52;
	objects = {

/* Begin PBXBuildFile section */
		191F9F292A5FBABD00E35FC3 /* SpendType.swift in Sources */ = {isa = PBXBuildFile; fileRef = 191F9F282A5FBABD00E35FC3 /* SpendType.swift */; };
		191F9F2B2A5FBFF200E35FC3 /* NewSpendTypeViewController.swift in Sources */ = {isa = PBXBuildFile; fileRef = 191F9F2A2A5FBFF200E35FC3 /* NewSpendTypeViewController.swift */; };
		191F9F2E2A64F59D00E35FC3 /* Realm in Frameworks */ = {isa = PBXBuildFile; productRef = 191F9F2D2A64F59D00E35FC3 /* Realm */; };
		191F9F302A64F59D00E35FC3 /* RealmSwift in Frameworks */ = {isa = PBXBuildFile; productRef = 191F9F2F2A64F59D00E35FC3 /* RealmSwift */; };
		191F9F332A64F6D600E35FC3 /* DatabaseWorker.swift in Sources */ = {isa = PBXBuildFile; fileRef = 191F9F322A64F6D600E35FC3 /* DatabaseWorker.swift */; };
		1921C8B32A39771E00A05A96 /* VersionInfoCellReactor.swift in Sources */ = {isa = PBXBuildFile; fileRef = 1921C8B22A39771E00A05A96 /* VersionInfoCellReactor.swift */; };
		1921C8B62A39A06600A05A96 /* BudgetCellReactor.swift in Sources */ = {isa = PBXBuildFile; fileRef = 1921C8B52A39A06600A05A96 /* BudgetCellReactor.swift */; };
		1921C8B82A39A0FC00A05A96 /* BudgetTableViewCell.swift in Sources */ = {isa = PBXBuildFile; fileRef = 1921C8B72A39A0FC00A05A96 /* BudgetTableViewCell.swift */; };
		196A4EFD2A3832D100A6D13D /* Then in Frameworks */ = {isa = PBXBuildFile; productRef = 196A4EFC2A3832D100A6D13D /* Then */; };
		196A4F002A3832FB00A6D13D /* SnapKit in Frameworks */ = {isa = PBXBuildFile; productRef = 196A4EFF2A3832FB00A6D13D /* SnapKit */; };
		196A4F0C2A38392100A6D13D /* NewSettingsViewController.swift in Sources */ = {isa = PBXBuildFile; fileRef = 196A4F0B2A38392100A6D13D /* NewSettingsViewController.swift */; };
		196A4F0E2A383A1D00A6D13D /* NewSettingsReactor.swift in Sources */ = {isa = PBXBuildFile; fileRef = 196A4F0D2A383A1D00A6D13D /* NewSettingsReactor.swift */; };
		196A4F102A383BD200A6D13D /* VersionInfoTableViewCell.swift in Sources */ = {isa = PBXBuildFile; fileRef = 196A4F0F2A383BD200A6D13D /* VersionInfoTableViewCell.swift */; };
		1971B8352A56B30F00055BE3 /* NewTabBarController.swift in Sources */ = {isa = PBXBuildFile; fileRef = 1971B8342A56B30F00055BE3 /* NewTabBarController.swift */; };
		1971B83A2A5E7AAD00055BE3 /* VersionDetailViewController.swift in Sources */ = {isa = PBXBuildFile; fileRef = 1971B8392A5E7AAD00055BE3 /* VersionDetailViewController.swift */; };
		19928C8026087FE900ECC2E4 /* GoogleService-Info.plist in Resources */ = {isa = PBXBuildFile; fileRef = 19928C7F26087FE900ECC2E4 /* GoogleService-Info.plist */; };
		19A9A0FE2A9C7E51008AC33C /* SpendInfo.swift in Sources */ = {isa = PBXBuildFile; fileRef = 19A9A0FD2A9C7E51008AC33C /* SpendInfo.swift */; };
		19CAD41B2AA56BD000A9B1D3 /* NewWriteBudgetViewController.swift in Sources */ = {isa = PBXBuildFile; fileRef = 19CAD41A2AA56BD000A9B1D3 /* NewWriteBudgetViewController.swift */; };
		19CAD41D2AA56C3C00A9B1D3 /* NewWriteBudgetReactor.swift in Sources */ = {isa = PBXBuildFile; fileRef = 19CAD41C2AA56C3C00A9B1D3 /* NewWriteBudgetReactor.swift */; };
		19F4B87D2609DF0A002B5614 /* Constants.swift in Sources */ = {isa = PBXBuildFile; fileRef = 19F4B87C2609DF0A002B5614 /* Constants.swift */; };
		6B0658D925494B9C004A89A9 /* HomeViewController.swift in Sources */ = {isa = PBXBuildFile; fileRef = 6B0658D825494B9C004A89A9 /* HomeViewController.swift */; };
		6B0658DF25494C08004A89A9 /* WriteBudgetViewController.swift in Sources */ = {isa = PBXBuildFile; fileRef = 6B0658DE25494C08004A89A9 /* WriteBudgetViewController.swift */; };
		6B5F785E25AD8650000709EA /* 6656-warning-sign.json in Resources */ = {isa = PBXBuildFile; fileRef = 6B5F785D25AD8650000709EA /* 6656-warning-sign.json */; };
		6B5F786225AD9106000709EA /* HomeViewModel.swift in Sources */ = {isa = PBXBuildFile; fileRef = 6B5F786125AD9106000709EA /* HomeViewModel.swift */; };
		6B78C230254E7C3900C6A287 /* ExpenditureTableViewCell.swift in Sources */ = {isa = PBXBuildFile; fileRef = 6B78C22F254E7C3900C6A287 /* ExpenditureTableViewCell.swift */; };
		6B78C234254E7E5400C6A287 /* ExpenditureTableHeaderView.swift in Sources */ = {isa = PBXBuildFile; fileRef = 6B78C233254E7E5400C6A287 /* ExpenditureTableHeaderView.swift */; };
		6B78C238254EF15000C6A287 /* ExpenditureTableHeaderView.xib in Resources */ = {isa = PBXBuildFile; fileRef = 6B78C237254EF15000C6A287 /* ExpenditureTableHeaderView.xib */; };
		6B849049255A6C6F00309ED7 /* SpendTypeCell.swift in Sources */ = {isa = PBXBuildFile; fileRef = 6B849048255A6C6F00309ED7 /* SpendTypeCell.swift */; };
		6BAF7083256AA33D001EFEE6 /* DatePickerViewController.swift in Sources */ = {isa = PBXBuildFile; fileRef = 6BAF7082256AA33D001EFEE6 /* DatePickerViewController.swift */; };
		6BAF7087256AA413001EFEE6 /* DatePickerView.storyboard in Resources */ = {isa = PBXBuildFile; fileRef = 6BAF7086256AA413001EFEE6 /* DatePickerView.storyboard */; };
		6BB527A4255527160029DCEB /* Extension.swift in Sources */ = {isa = PBXBuildFile; fileRef = 6BB527A3255527160029DCEB /* Extension.swift */; };
		6BB527B425552DBF0029DCEB /* DataModel.xcdatamodeld in Sources */ = {isa = PBXBuildFile; fileRef = 6BB527B225552DBF0029DCEB /* DataModel.xcdatamodeld */; };
		6BDEBF1F25752BCF00E418B1 /* TrasientAlertViewController.swift in Sources */ = {isa = PBXBuildFile; fileRef = 6BDEBF1E25752BCF00E418B1 /* TrasientAlertViewController.swift */; };
		6BDEBF2325752BEA00E418B1 /* AlertViewController.swift in Sources */ = {isa = PBXBuildFile; fileRef = 6BDEBF2225752BEA00E418B1 /* AlertViewController.swift */; };
		6BDEBF2625752C5100E418B1 /* AlertView.swift in Sources */ = {isa = PBXBuildFile; fileRef = 6BDEBF2525752C5100E418B1 /* AlertView.swift */; };
		6BDEBF292575394000E418B1 /* ActionViewModel.swift in Sources */ = {isa = PBXBuildFile; fileRef = 6BDEBF282575394000E418B1 /* ActionViewModel.swift */; };
		6CF7F15724DAD6D30049175F /* AppDelegate.swift in Sources */ = {isa = PBXBuildFile; fileRef = 6CF7F15624DAD6D30049175F /* AppDelegate.swift */; };
		6CF7F15924DAD6D30049175F /* SceneDelegate.swift in Sources */ = {isa = PBXBuildFile; fileRef = 6CF7F15824DAD6D30049175F /* SceneDelegate.swift */; };
		6CF7F15E24DAD6D30049175F /* Main.storyboard in Resources */ = {isa = PBXBuildFile; fileRef = 6CF7F15C24DAD6D30049175F /* Main.storyboard */; };
		6CF7F16024DAD6D50049175F /* Assets.xcassets in Resources */ = {isa = PBXBuildFile; fileRef = 6CF7F15F24DAD6D50049175F /* Assets.xcassets */; };
		6CF7F16324DAD6D50049175F /* LaunchScreen.storyboard in Resources */ = {isa = PBXBuildFile; fileRef = 6CF7F16124DAD6D50049175F /* LaunchScreen.storyboard */; };
		6CF7F16C24DAD7AB0049175F /* Account.swift in Sources */ = {isa = PBXBuildFile; fileRef = 6CF7F16B24DAD7AB0049175F /* Account.swift */; };
		6CF7F16E24DADBFB0049175F /* Settings.swift in Sources */ = {isa = PBXBuildFile; fileRef = 6CF7F16D24DADBFB0049175F /* Settings.swift */; };
		6CF7F17024DADC7D0049175F /* TransactionDailyGroup.swift in Sources */ = {isa = PBXBuildFile; fileRef = 6CF7F16F24DADC7D0049175F /* TransactionDailyGroup.swift */; };
		6CF7F17224DADF360049175F /* Storage.swift in Sources */ = {isa = PBXBuildFile; fileRef = 6CF7F17124DADF360049175F /* Storage.swift */; };
		FC5927A3BB96A832547CC977 /* Pods_AccountBook.framework in Frameworks */ = {isa = PBXBuildFile; fileRef = 3D8A774B5B9AA066733E105C /* Pods_AccountBook.framework */; };
/* End PBXBuildFile section */

/* Begin PBXFileReference section */
		191F9F282A5FBABD00E35FC3 /* SpendType.swift */ = {isa = PBXFileReference; lastKnownFileType = sourcecode.swift; path = SpendType.swift; sourceTree = "<group>"; };
		191F9F2A2A5FBFF200E35FC3 /* NewSpendTypeViewController.swift */ = {isa = PBXFileReference; lastKnownFileType = sourcecode.swift; path = NewSpendTypeViewController.swift; sourceTree = "<group>"; };
		191F9F322A64F6D600E35FC3 /* DatabaseWorker.swift */ = {isa = PBXFileReference; lastKnownFileType = sourcecode.swift; path = DatabaseWorker.swift; sourceTree = "<group>"; };
		1921C8B22A39771E00A05A96 /* VersionInfoCellReactor.swift */ = {isa = PBXFileReference; lastKnownFileType = sourcecode.swift; path = VersionInfoCellReactor.swift; sourceTree = "<group>"; };
		1921C8B52A39A06600A05A96 /* BudgetCellReactor.swift */ = {isa = PBXFileReference; lastKnownFileType = sourcecode.swift; path = BudgetCellReactor.swift; sourceTree = "<group>"; };
		1921C8B72A39A0FC00A05A96 /* BudgetTableViewCell.swift */ = {isa = PBXFileReference; lastKnownFileType = sourcecode.swift; path = BudgetTableViewCell.swift; sourceTree = "<group>"; };
		196A4F0B2A38392100A6D13D /* NewSettingsViewController.swift */ = {isa = PBXFileReference; lastKnownFileType = sourcecode.swift; path = NewSettingsViewController.swift; sourceTree = "<group>"; };
		196A4F0D2A383A1D00A6D13D /* NewSettingsReactor.swift */ = {isa = PBXFileReference; lastKnownFileType = sourcecode.swift; path = NewSettingsReactor.swift; sourceTree = "<group>"; };
		196A4F0F2A383BD200A6D13D /* VersionInfoTableViewCell.swift */ = {isa = PBXFileReference; lastKnownFileType = sourcecode.swift; path = VersionInfoTableViewCell.swift; sourceTree = "<group>"; };
		1971B8342A56B30F00055BE3 /* NewTabBarController.swift */ = {isa = PBXFileReference; lastKnownFileType = sourcecode.swift; path = NewTabBarController.swift; sourceTree = "<group>"; };
		1971B8392A5E7AAD00055BE3 /* VersionDetailViewController.swift */ = {isa = PBXFileReference; lastKnownFileType = sourcecode.swift; path = VersionDetailViewController.swift; sourceTree = "<group>"; };
		19928C7F26087FE900ECC2E4 /* GoogleService-Info.plist */ = {isa = PBXFileReference; fileEncoding = 4; lastKnownFileType = text.plist.xml; path = "GoogleService-Info.plist"; sourceTree = "<group>"; };
		19A9A0FD2A9C7E51008AC33C /* SpendInfo.swift */ = {isa = PBXFileReference; lastKnownFileType = sourcecode.swift; path = SpendInfo.swift; sourceTree = "<group>"; };
		19CAD41A2AA56BD000A9B1D3 /* NewWriteBudgetViewController.swift */ = {isa = PBXFileReference; lastKnownFileType = sourcecode.swift; path = NewWriteBudgetViewController.swift; sourceTree = "<group>"; };
		19CAD41C2AA56C3C00A9B1D3 /* NewWriteBudgetReactor.swift */ = {isa = PBXFileReference; lastKnownFileType = sourcecode.swift; path = NewWriteBudgetReactor.swift; sourceTree = "<group>"; };
		19F4B87C2609DF0A002B5614 /* Constants.swift */ = {isa = PBXFileReference; lastKnownFileType = sourcecode.swift; path = Constants.swift; sourceTree = "<group>"; };
		25C796D0B60F66F60A95DB06 /* Pods-AccountBook.release.xcconfig */ = {isa = PBXFileReference; includeInIndex = 1; lastKnownFileType = text.xcconfig; name = "Pods-AccountBook.release.xcconfig"; path = "Target Support Files/Pods-AccountBook/Pods-AccountBook.release.xcconfig"; sourceTree = "<group>"; };
		3D8A774B5B9AA066733E105C /* Pods_AccountBook.framework */ = {isa = PBXFileReference; explicitFileType = wrapper.framework; includeInIndex = 0; path = Pods_AccountBook.framework; sourceTree = BUILT_PRODUCTS_DIR; };
		6B0658D825494B9C004A89A9 /* HomeViewController.swift */ = {isa = PBXFileReference; lastKnownFileType = sourcecode.swift; path = HomeViewController.swift; sourceTree = "<group>"; };
		6B0658DE25494C08004A89A9 /* WriteBudgetViewController.swift */ = {isa = PBXFileReference; lastKnownFileType = sourcecode.swift; path = WriteBudgetViewController.swift; sourceTree = "<group>"; };
		6B5F785D25AD8650000709EA /* 6656-warning-sign.json */ = {isa = PBXFileReference; fileEncoding = 4; lastKnownFileType = text.json; path = "6656-warning-sign.json"; sourceTree = "<group>"; };
		6B5F786125AD9106000709EA /* HomeViewModel.swift */ = {isa = PBXFileReference; lastKnownFileType = sourcecode.swift; path = HomeViewModel.swift; sourceTree = "<group>"; };
		6B78C22F254E7C3900C6A287 /* ExpenditureTableViewCell.swift */ = {isa = PBXFileReference; lastKnownFileType = sourcecode.swift; path = ExpenditureTableViewCell.swift; sourceTree = "<group>"; };
		6B78C233254E7E5400C6A287 /* ExpenditureTableHeaderView.swift */ = {isa = PBXFileReference; lastKnownFileType = sourcecode.swift; path = ExpenditureTableHeaderView.swift; sourceTree = "<group>"; };
		6B78C237254EF15000C6A287 /* ExpenditureTableHeaderView.xib */ = {isa = PBXFileReference; lastKnownFileType = file.xib; path = ExpenditureTableHeaderView.xib; sourceTree = "<group>"; };
		6B849048255A6C6F00309ED7 /* SpendTypeCell.swift */ = {isa = PBXFileReference; lastKnownFileType = sourcecode.swift; path = SpendTypeCell.swift; sourceTree = "<group>"; };
		6BAF7082256AA33D001EFEE6 /* DatePickerViewController.swift */ = {isa = PBXFileReference; lastKnownFileType = sourcecode.swift; path = DatePickerViewController.swift; sourceTree = "<group>"; };
		6BAF7086256AA413001EFEE6 /* DatePickerView.storyboard */ = {isa = PBXFileReference; lastKnownFileType = file.storyboard; path = DatePickerView.storyboard; sourceTree = "<group>"; };
		6BB527A3255527160029DCEB /* Extension.swift */ = {isa = PBXFileReference; lastKnownFileType = sourcecode.swift; path = Extension.swift; sourceTree = "<group>"; };
		6BB527B325552DBF0029DCEB /* DataModel.xcdatamodel */ = {isa = PBXFileReference; lastKnownFileType = wrapper.xcdatamodel; path = DataModel.xcdatamodel; sourceTree = "<group>"; };
		6BDEBF1E25752BCF00E418B1 /* TrasientAlertViewController.swift */ = {isa = PBXFileReference; lastKnownFileType = sourcecode.swift; path = TrasientAlertViewController.swift; sourceTree = "<group>"; };
		6BDEBF2225752BEA00E418B1 /* AlertViewController.swift */ = {isa = PBXFileReference; lastKnownFileType = sourcecode.swift; path = AlertViewController.swift; sourceTree = "<group>"; };
		6BDEBF2525752C5100E418B1 /* AlertView.swift */ = {isa = PBXFileReference; lastKnownFileType = sourcecode.swift; path = AlertView.swift; sourceTree = "<group>"; };
		6BDEBF282575394000E418B1 /* ActionViewModel.swift */ = {isa = PBXFileReference; lastKnownFileType = sourcecode.swift; path = ActionViewModel.swift; sourceTree = "<group>"; };
		6CF7F15324DAD6D30049175F /* AccountBook.app */ = {isa = PBXFileReference; explicitFileType = wrapper.application; includeInIndex = 0; path = AccountBook.app; sourceTree = BUILT_PRODUCTS_DIR; };
		6CF7F15624DAD6D30049175F /* AppDelegate.swift */ = {isa = PBXFileReference; lastKnownFileType = sourcecode.swift; path = AppDelegate.swift; sourceTree = "<group>"; };
		6CF7F15824DAD6D30049175F /* SceneDelegate.swift */ = {isa = PBXFileReference; lastKnownFileType = sourcecode.swift; path = SceneDelegate.swift; sourceTree = "<group>"; };
		6CF7F15D24DAD6D30049175F /* Base */ = {isa = PBXFileReference; lastKnownFileType = file.storyboard; name = Base; path = Base.lproj/Main.storyboard; sourceTree = "<group>"; };
		6CF7F15F24DAD6D50049175F /* Assets.xcassets */ = {isa = PBXFileReference; lastKnownFileType = folder.assetcatalog; path = Assets.xcassets; sourceTree = "<group>"; };
		6CF7F16224DAD6D50049175F /* Base */ = {isa = PBXFileReference; lastKnownFileType = file.storyboard; name = Base; path = Base.lproj/LaunchScreen.storyboard; sourceTree = "<group>"; };
		6CF7F16424DAD6D50049175F /* Info.plist */ = {isa = PBXFileReference; lastKnownFileType = text.plist.xml; path = Info.plist; sourceTree = "<group>"; };
		6CF7F16B24DAD7AB0049175F /* Account.swift */ = {isa = PBXFileReference; lastKnownFileType = sourcecode.swift; path = Account.swift; sourceTree = "<group>"; };
		6CF7F16D24DADBFB0049175F /* Settings.swift */ = {isa = PBXFileReference; lastKnownFileType = sourcecode.swift; path = Settings.swift; sourceTree = "<group>"; };
		6CF7F16F24DADC7D0049175F /* TransactionDailyGroup.swift */ = {isa = PBXFileReference; lastKnownFileType = sourcecode.swift; path = TransactionDailyGroup.swift; sourceTree = "<group>"; };
		6CF7F17124DADF360049175F /* Storage.swift */ = {isa = PBXFileReference; lastKnownFileType = sourcecode.swift; path = Storage.swift; sourceTree = "<group>"; };
		A92C7818CFF343D252A286A3 /* Pods-AccountBook.debug.xcconfig */ = {isa = PBXFileReference; includeInIndex = 1; lastKnownFileType = text.xcconfig; name = "Pods-AccountBook.debug.xcconfig"; path = "Target Support Files/Pods-AccountBook/Pods-AccountBook.debug.xcconfig"; sourceTree = "<group>"; };
/* End PBXFileReference section */

/* Begin PBXFrameworksBuildPhase section */
		6CF7F15024DAD6D30049175F /* Frameworks */ = {
			isa = PBXFrameworksBuildPhase;
			buildActionMask = 2147483647;
			files = (
				196A4F002A3832FB00A6D13D /* SnapKit in Frameworks */,
				196A4EFD2A3832D100A6D13D /* Then in Frameworks */,
				191F9F2E2A64F59D00E35FC3 /* Realm in Frameworks */,
				191F9F302A64F59D00E35FC3 /* RealmSwift in Frameworks */,
				FC5927A3BB96A832547CC977 /* Pods_AccountBook.framework in Frameworks */,
			);
			runOnlyForDeploymentPostprocessing = 0;
		};
/* End PBXFrameworksBuildPhase section */

/* Begin PBXGroup section */
		191F9F312A64F6B700E35FC3 /* DataBase */ = {
			isa = PBXGroup;
			children = (
				191F9F322A64F6D600E35FC3 /* DatabaseWorker.swift */,
			);
			name = DataBase;
			path = Model;
			sourceTree = "<group>";
		};
		196A4F092A3838F700A6D13D /* ViewController */ = {
			isa = PBXGroup;
			children = (
				1971B8382A5E79EF00055BE3 /* TabBar */,
				6B84904B255A725900309ED7 /* WriteBudget */,
				6B78C244254F91E100C6A287 /* Home */,
				196A4F0A2A38390B00A6D13D /* Settings */,
			);
			path = ViewController;
			sourceTree = "<group>";
		};
		196A4F0A2A38390B00A6D13D /* Settings */ = {
			isa = PBXGroup;
			children = (
				196A4F0B2A38392100A6D13D /* NewSettingsViewController.swift */,
				196A4F0D2A383A1D00A6D13D /* NewSettingsReactor.swift */,
				196A4F0F2A383BD200A6D13D /* VersionInfoTableViewCell.swift */,
				1921C8B22A39771E00A05A96 /* VersionInfoCellReactor.swift */,
				1921C8B72A39A0FC00A05A96 /* BudgetTableViewCell.swift */,
				1921C8B52A39A06600A05A96 /* BudgetCellReactor.swift */,
				1971B8392A5E7AAD00055BE3 /* VersionDetailViewController.swift */,
			);
			path = Settings;
			sourceTree = "<group>";
		};
		1971B8382A5E79EF00055BE3 /* TabBar */ = {
			isa = PBXGroup;
			children = (
				1971B8342A56B30F00055BE3 /* NewTabBarController.swift */,
			);
			path = TabBar;
			sourceTree = "<group>";
		};
		6B78C243254F91B600C6A287 /* View */ = {
			isa = PBXGroup;
			children = (
				6CF7F15C24DAD6D30049175F /* Main.storyboard */,
			);
			path = View;
			sourceTree = "<group>";
		};
		6B78C244254F91E100C6A287 /* Home */ = {
			isa = PBXGroup;
			children = (
				6B0658D825494B9C004A89A9 /* HomeViewController.swift */,
				6B78C22F254E7C3900C6A287 /* ExpenditureTableViewCell.swift */,
				6B78C233254E7E5400C6A287 /* ExpenditureTableHeaderView.swift */,
				6B78C237254EF15000C6A287 /* ExpenditureTableHeaderView.xib */,
				6B5F786125AD9106000709EA /* HomeViewModel.swift */,
			);
			path = Home;
			sourceTree = "<group>";
		};
		6B84904B255A725900309ED7 /* WriteBudget */ = {
			isa = PBXGroup;
			children = (
				6B0658DE25494C08004A89A9 /* WriteBudgetViewController.swift */,
				191F9F2A2A5FBFF200E35FC3 /* NewSpendTypeViewController.swift */,
				6B849048255A6C6F00309ED7 /* SpendTypeCell.swift */,
				6BDEBF282575394000E418B1 /* ActionViewModel.swift */,
				19CAD41A2AA56BD000A9B1D3 /* NewWriteBudgetViewController.swift */,
				19CAD41C2AA56C3C00A9B1D3 /* NewWriteBudgetReactor.swift */,
			);
			path = WriteBudget;
			sourceTree = "<group>";
		};
		6BB527A2255526DD0029DCEB /* Utils */ = {
			isa = PBXGroup;
			children = (
				6BDEBF1D25752B7F00E418B1 /* ConfirmAlert */,
				6BDEBF1C25752B6800E418B1 /* DatePicker */,
				6BB527A3255527160029DCEB /* Extension.swift */,
				19F4B87C2609DF0A002B5614 /* Constants.swift */,
			);
			path = Utils;
			sourceTree = "<group>";
		};
		6BDEBF1C25752B6800E418B1 /* DatePicker */ = {
			isa = PBXGroup;
			children = (
				6BAF7082256AA33D001EFEE6 /* DatePickerViewController.swift */,
				6BAF7086256AA413001EFEE6 /* DatePickerView.storyboard */,
			);
			path = DatePicker;
			sourceTree = "<group>";
		};
		6BDEBF1D25752B7F00E418B1 /* ConfirmAlert */ = {
			isa = PBXGroup;
			children = (
				6BDEBF1E25752BCF00E418B1 /* TrasientAlertViewController.swift */,
				6BDEBF2225752BEA00E418B1 /* AlertViewController.swift */,
				6BDEBF2525752C5100E418B1 /* AlertView.swift */,
			);
			path = ConfirmAlert;
			sourceTree = "<group>";
		};
		6CF7F14A24DAD6D30049175F = {
			isa = PBXGroup;
			children = (
				6CF7F15524DAD6D30049175F /* AccountBook */,
				6CF7F15424DAD6D30049175F /* Products */,
				80CA3A3FC0E65BF149A63D8A /* Pods */,
				C4F4E2C0BD9726FBAB72F65F /* Frameworks */,
			);
			sourceTree = "<group>";
		};
		6CF7F15424DAD6D30049175F /* Products */ = {
			isa = PBXGroup;
			children = (
				6CF7F15324DAD6D30049175F /* AccountBook.app */,
			);
			name = Products;
			sourceTree = "<group>";
		};
		6CF7F15524DAD6D30049175F /* AccountBook */ = {
			isa = PBXGroup;
			children = (
				6BB527A2255526DD0029DCEB /* Utils */,
				6B78C243254F91B600C6A287 /* View */,
				191F9F312A64F6B700E35FC3 /* DataBase */,
				196A4F092A3838F700A6D13D /* ViewController */,
				6CF7F16A24DAD7340049175F /* Model */,
				6CF7F15624DAD6D30049175F /* AppDelegate.swift */,
				6CF7F15824DAD6D30049175F /* SceneDelegate.swift */,
				19928C7F26087FE900ECC2E4 /* GoogleService-Info.plist */,
				6CF7F15F24DAD6D50049175F /* Assets.xcassets */,
				6CF7F16124DAD6D50049175F /* LaunchScreen.storyboard */,
				6CF7F16424DAD6D50049175F /* Info.plist */,
				6BB527B225552DBF0029DCEB /* DataModel.xcdatamodeld */,
				6B5F785D25AD8650000709EA /* 6656-warning-sign.json */,
			);
			path = AccountBook;
			sourceTree = "<group>";
		};
		6CF7F16A24DAD7340049175F /* Model */ = {
			isa = PBXGroup;
			children = (
				6CF7F16B24DAD7AB0049175F /* Account.swift */,
				6CF7F16F24DADC7D0049175F /* TransactionDailyGroup.swift */,
				6CF7F17124DADF360049175F /* Storage.swift */,
				6CF7F16D24DADBFB0049175F /* Settings.swift */,
				191F9F282A5FBABD00E35FC3 /* SpendType.swift */,
				19A9A0FD2A9C7E51008AC33C /* SpendInfo.swift */,
			);
			path = Model;
			sourceTree = "<group>";
		};
		80CA3A3FC0E65BF149A63D8A /* Pods */ = {
			isa = PBXGroup;
			children = (
				A92C7818CFF343D252A286A3 /* Pods-AccountBook.debug.xcconfig */,
				25C796D0B60F66F60A95DB06 /* Pods-AccountBook.release.xcconfig */,
			);
			path = Pods;
			sourceTree = "<group>";
		};
		C4F4E2C0BD9726FBAB72F65F /* Frameworks */ = {
			isa = PBXGroup;
			children = (
				3D8A774B5B9AA066733E105C /* Pods_AccountBook.framework */,
			);
			name = Frameworks;
			sourceTree = "<group>";
		};
/* End PBXGroup section */

/* Begin PBXNativeTarget section */
		6CF7F15224DAD6D30049175F /* AccountBook */ = {
			isa = PBXNativeTarget;
			buildConfigurationList = 6CF7F16724DAD6D50049175F /* Build configuration list for PBXNativeTarget "AccountBook" */;
			buildPhases = (
				EFA45F90F4199E2E0EF59A96 /* [CP] Check Pods Manifest.lock */,
				6CF7F14F24DAD6D30049175F /* Sources */,
				6CF7F15024DAD6D30049175F /* Frameworks */,
				6CF7F15124DAD6D30049175F /* Resources */,
				8294A6F3046B77E770956D0D /* [CP] Embed Pods Frameworks */,
			);
			buildRules = (
			);
			dependencies = (
			);
			name = AccountBook;
			packageProductDependencies = (
				196A4EFC2A3832D100A6D13D /* Then */,
				196A4EFF2A3832FB00A6D13D /* SnapKit */,
				191F9F2D2A64F59D00E35FC3 /* Realm */,
				191F9F2F2A64F59D00E35FC3 /* RealmSwift */,
			);
			productName = AccountBook;
			productReference = 6CF7F15324DAD6D30049175F /* AccountBook.app */;
			productType = "com.apple.product-type.application";
		};
/* End PBXNativeTarget section */

/* Begin PBXProject section */
		6CF7F14B24DAD6D30049175F /* Project object */ = {
			isa = PBXProject;
			attributes = {
				LastSwiftUpdateCheck = 1150;
				LastUpgradeCheck = 1150;
				ORGANIZATIONNAME = FastCampus;
				TargetAttributes = {
					6CF7F15224DAD6D30049175F = {
						CreatedOnToolsVersion = 11.5;
					};
				};
			};
			buildConfigurationList = 6CF7F14E24DAD6D30049175F /* Build configuration list for PBXProject "AccountBook" */;
			compatibilityVersion = "Xcode 9.3";
			developmentRegion = en;
			hasScannedForEncodings = 0;
			knownRegions = (
				en,
				Base,
			);
			mainGroup = 6CF7F14A24DAD6D30049175F;
			packageReferences = (
				196A4EFB2A3832D100A6D13D /* XCRemoteSwiftPackageReference "Then" */,
				196A4EFE2A3832FB00A6D13D /* XCRemoteSwiftPackageReference "SnapKit" */,
				191F9F2C2A64F59D00E35FC3 /* XCRemoteSwiftPackageReference "realm-swift" */,
			);
			productRefGroup = 6CF7F15424DAD6D30049175F /* Products */;
			projectDirPath = "";
			projectRoot = "";
			targets = (
				6CF7F15224DAD6D30049175F /* AccountBook */,
			);
		};
/* End PBXProject section */

/* Begin PBXResourcesBuildPhase section */
		6CF7F15124DAD6D30049175F /* Resources */ = {
			isa = PBXResourcesBuildPhase;
			buildActionMask = 2147483647;
			files = (
				6B78C238254EF15000C6A287 /* ExpenditureTableHeaderView.xib in Resources */,
				19928C8026087FE900ECC2E4 /* GoogleService-Info.plist in Resources */,
				6CF7F16324DAD6D50049175F /* LaunchScreen.storyboard in Resources */,
				6BAF7087256AA413001EFEE6 /* DatePickerView.storyboard in Resources */,
				6B5F785E25AD8650000709EA /* 6656-warning-sign.json in Resources */,
				6CF7F16024DAD6D50049175F /* Assets.xcassets in Resources */,
				6CF7F15E24DAD6D30049175F /* Main.storyboard in Resources */,
			);
			runOnlyForDeploymentPostprocessing = 0;
		};
/* End PBXResourcesBuildPhase section */

/* Begin PBXShellScriptBuildPhase section */
		8294A6F3046B77E770956D0D /* [CP] Embed Pods Frameworks */ = {
			isa = PBXShellScriptBuildPhase;
			buildActionMask = 2147483647;
			files = (
			);
			inputFileListPaths = (
				"${PODS_ROOT}/Target Support Files/Pods-AccountBook/Pods-AccountBook-frameworks-${CONFIGURATION}-input-files.xcfilelist",
			);
			name = "[CP] Embed Pods Frameworks";
			outputFileListPaths = (
				"${PODS_ROOT}/Target Support Files/Pods-AccountBook/Pods-AccountBook-frameworks-${CONFIGURATION}-output-files.xcfilelist",
			);
			runOnlyForDeploymentPostprocessing = 0;
			shellPath = /bin/sh;
			shellScript = "\"${PODS_ROOT}/Target Support Files/Pods-AccountBook/Pods-AccountBook-frameworks.sh\"\n";
			showEnvVarsInLog = 0;
		};
		EFA45F90F4199E2E0EF59A96 /* [CP] Check Pods Manifest.lock */ = {
			isa = PBXShellScriptBuildPhase;
			buildActionMask = 2147483647;
			files = (
			);
			inputFileListPaths = (
			);
			inputPaths = (
				"${PODS_PODFILE_DIR_PATH}/Podfile.lock",
				"${PODS_ROOT}/Manifest.lock",
			);
			name = "[CP] Check Pods Manifest.lock";
			outputFileListPaths = (
			);
			outputPaths = (
				"$(DERIVED_FILE_DIR)/Pods-AccountBook-checkManifestLockResult.txt",
			);
			runOnlyForDeploymentPostprocessing = 0;
			shellPath = /bin/sh;
			shellScript = "diff \"${PODS_PODFILE_DIR_PATH}/Podfile.lock\" \"${PODS_ROOT}/Manifest.lock\" > /dev/null\nif [ $? != 0 ] ; then\n    # print error to STDERR\n    echo \"error: The sandbox is not in sync with the Podfile.lock. Run 'pod install' or update your CocoaPods installation.\" >&2\n    exit 1\nfi\n# This output is used by Xcode 'outputs' to avoid re-running this script phase.\necho \"SUCCESS\" > \"${SCRIPT_OUTPUT_FILE_0}\"\n";
			showEnvVarsInLog = 0;
		};
/* End PBXShellScriptBuildPhase section */

/* Begin PBXSourcesBuildPhase section */
		6CF7F14F24DAD6D30049175F /* Sources */ = {
			isa = PBXSourcesBuildPhase;
			buildActionMask = 2147483647;
			files = (
				19F4B87D2609DF0A002B5614 /* Constants.swift in Sources */,
				6BB527A4255527160029DCEB /* Extension.swift in Sources */,
				191F9F2B2A5FBFF200E35FC3 /* NewSpendTypeViewController.swift in Sources */,
				191F9F332A64F6D600E35FC3 /* DatabaseWorker.swift in Sources */,
				6BDEBF2325752BEA00E418B1 /* AlertViewController.swift in Sources */,
				6CF7F17024DADC7D0049175F /* TransactionDailyGroup.swift in Sources */,
				196A4F102A383BD200A6D13D /* VersionInfoTableViewCell.swift in Sources */,
				19CAD41B2AA56BD000A9B1D3 /* NewWriteBudgetViewController.swift in Sources */,
				6BDEBF2625752C5100E418B1 /* AlertView.swift in Sources */,
				6CF7F17224DADF360049175F /* Storage.swift in Sources */,
				6BAF7083256AA33D001EFEE6 /* DatePickerViewController.swift in Sources */,
				6B849049255A6C6F00309ED7 /* SpendTypeCell.swift in Sources */,
				1971B8352A56B30F00055BE3 /* NewTabBarController.swift in Sources */,
				6B0658D925494B9C004A89A9 /* HomeViewController.swift in Sources */,
				6BB527B425552DBF0029DCEB /* DataModel.xcdatamodeld in Sources */,
				6CF7F15724DAD6D30049175F /* AppDelegate.swift in Sources */,
				6B78C230254E7C3900C6A287 /* ExpenditureTableViewCell.swift in Sources */,
				19A9A0FE2A9C7E51008AC33C /* SpendInfo.swift in Sources */,
				196A4F0C2A38392100A6D13D /* NewSettingsViewController.swift in Sources */,
				1921C8B82A39A0FC00A05A96 /* BudgetTableViewCell.swift in Sources */,
				6B78C234254E7E5400C6A287 /* ExpenditureTableHeaderView.swift in Sources */,
				1921C8B62A39A06600A05A96 /* BudgetCellReactor.swift in Sources */,
				19CAD41D2AA56C3C00A9B1D3 /* NewWriteBudgetReactor.swift in Sources */,
				6BDEBF1F25752BCF00E418B1 /* TrasientAlertViewController.swift in Sources */,
				6BDEBF292575394000E418B1 /* ActionViewModel.swift in Sources */,
				1971B83A2A5E7AAD00055BE3 /* VersionDetailViewController.swift in Sources */,
				191F9F292A5FBABD00E35FC3 /* SpendType.swift in Sources */,
				6B5F786225AD9106000709EA /* HomeViewModel.swift in Sources */,
				6B0658DF25494C08004A89A9 /* WriteBudgetViewController.swift in Sources */,
				6CF7F16C24DAD7AB0049175F /* Account.swift in Sources */,
				6CF7F15924DAD6D30049175F /* SceneDelegate.swift in Sources */,
				196A4F0E2A383A1D00A6D13D /* NewSettingsReactor.swift in Sources */,
				1921C8B32A39771E00A05A96 /* VersionInfoCellReactor.swift in Sources */,
				6CF7F16E24DADBFB0049175F /* Settings.swift in Sources */,
			);
			runOnlyForDeploymentPostprocessing = 0;
		};
/* End PBXSourcesBuildPhase section */

/* Begin PBXVariantGroup section */
		6CF7F15C24DAD6D30049175F /* Main.storyboard */ = {
			isa = PBXVariantGroup;
			children = (
				6CF7F15D24DAD6D30049175F /* Base */,
			);
			name = Main.storyboard;
			sourceTree = "<group>";
		};
		6CF7F16124DAD6D50049175F /* LaunchScreen.storyboard */ = {
			isa = PBXVariantGroup;
			children = (
				6CF7F16224DAD6D50049175F /* Base */,
			);
			name = LaunchScreen.storyboard;
			sourceTree = "<group>";
		};
/* End PBXVariantGroup section */

/* Begin XCBuildConfiguration section */
		6CF7F16524DAD6D50049175F /* Debug */ = {
			isa = XCBuildConfiguration;
			buildSettings = {
				ALWAYS_SEARCH_USER_PATHS = NO;
				CLANG_ANALYZER_NONNULL = YES;
				CLANG_ANALYZER_NUMBER_OBJECT_CONVERSION = YES_AGGRESSIVE;
				CLANG_CXX_LANGUAGE_STANDARD = "gnu++14";
				CLANG_CXX_LIBRARY = "libc++";
				CLANG_ENABLE_MODULES = YES;
				CLANG_ENABLE_OBJC_ARC = YES;
				CLANG_ENABLE_OBJC_WEAK = YES;
				CLANG_WARN_BLOCK_CAPTURE_AUTORELEASING = YES;
				CLANG_WARN_BOOL_CONVERSION = YES;
				CLANG_WARN_COMMA = YES;
				CLANG_WARN_CONSTANT_CONVERSION = YES;
				CLANG_WARN_DEPRECATED_OBJC_IMPLEMENTATIONS = YES;
				CLANG_WARN_DIRECT_OBJC_ISA_USAGE = YES_ERROR;
				CLANG_WARN_DOCUMENTATION_COMMENTS = YES;
				CLANG_WARN_EMPTY_BODY = YES;
				CLANG_WARN_ENUM_CONVERSION = YES;
				CLANG_WARN_INFINITE_RECURSION = YES;
				CLANG_WARN_INT_CONVERSION = YES;
				CLANG_WARN_NON_LITERAL_NULL_CONVERSION = YES;
				CLANG_WARN_OBJC_IMPLICIT_RETAIN_SELF = YES;
				CLANG_WARN_OBJC_LITERAL_CONVERSION = YES;
				CLANG_WARN_OBJC_ROOT_CLASS = YES_ERROR;
				CLANG_WARN_RANGE_LOOP_ANALYSIS = YES;
				CLANG_WARN_STRICT_PROTOTYPES = YES;
				CLANG_WARN_SUSPICIOUS_MOVE = YES;
				CLANG_WARN_UNGUARDED_AVAILABILITY = YES_AGGRESSIVE;
				CLANG_WARN_UNREACHABLE_CODE = YES;
				CLANG_WARN__DUPLICATE_METHOD_MATCH = YES;
				COPY_PHASE_STRIP = NO;
				DEBUG_INFORMATION_FORMAT = dwarf;
				ENABLE_STRICT_OBJC_MSGSEND = YES;
				ENABLE_TESTABILITY = YES;
				GCC_C_LANGUAGE_STANDARD = gnu11;
				GCC_DYNAMIC_NO_PIC = NO;
				GCC_NO_COMMON_BLOCKS = YES;
				GCC_OPTIMIZATION_LEVEL = 0;
				GCC_PREPROCESSOR_DEFINITIONS = (
					"DEBUG=1",
					"$(inherited)",
				);
				GCC_WARN_64_TO_32_BIT_CONVERSION = YES;
				GCC_WARN_ABOUT_RETURN_TYPE = YES_ERROR;
				GCC_WARN_UNDECLARED_SELECTOR = YES;
				GCC_WARN_UNINITIALIZED_AUTOS = YES_AGGRESSIVE;
				GCC_WARN_UNUSED_FUNCTION = YES;
				GCC_WARN_UNUSED_VARIABLE = YES;
				IPHONEOS_DEPLOYMENT_TARGET = 13.5;
				MTL_ENABLE_DEBUG_INFO = INCLUDE_SOURCE;
				MTL_FAST_MATH = YES;
				ONLY_ACTIVE_ARCH = YES;
				SDKROOT = iphoneos;
				SWIFT_ACTIVE_COMPILATION_CONDITIONS = DEBUG;
				SWIFT_OPTIMIZATION_LEVEL = "-Onone";
			};
			name = Debug;
		};
		6CF7F16624DAD6D50049175F /* Release */ = {
			isa = XCBuildConfiguration;
			buildSettings = {
				ALWAYS_SEARCH_USER_PATHS = NO;
				CLANG_ANALYZER_NONNULL = YES;
				CLANG_ANALYZER_NUMBER_OBJECT_CONVERSION = YES_AGGRESSIVE;
				CLANG_CXX_LANGUAGE_STANDARD = "gnu++14";
				CLANG_CXX_LIBRARY = "libc++";
				CLANG_ENABLE_MODULES = YES;
				CLANG_ENABLE_OBJC_ARC = YES;
				CLANG_ENABLE_OBJC_WEAK = YES;
				CLANG_WARN_BLOCK_CAPTURE_AUTORELEASING = YES;
				CLANG_WARN_BOOL_CONVERSION = YES;
				CLANG_WARN_COMMA = YES;
				CLANG_WARN_CONSTANT_CONVERSION = YES;
				CLANG_WARN_DEPRECATED_OBJC_IMPLEMENTATIONS = YES;
				CLANG_WARN_DIRECT_OBJC_ISA_USAGE = YES_ERROR;
				CLANG_WARN_DOCUMENTATION_COMMENTS = YES;
				CLANG_WARN_EMPTY_BODY = YES;
				CLANG_WARN_ENUM_CONVERSION = YES;
				CLANG_WARN_INFINITE_RECURSION = YES;
				CLANG_WARN_INT_CONVERSION = YES;
				CLANG_WARN_NON_LITERAL_NULL_CONVERSION = YES;
				CLANG_WARN_OBJC_IMPLICIT_RETAIN_SELF = YES;
				CLANG_WARN_OBJC_LITERAL_CONVERSION = YES;
				CLANG_WARN_OBJC_ROOT_CLASS = YES_ERROR;
				CLANG_WARN_RANGE_LOOP_ANALYSIS = YES;
				CLANG_WARN_STRICT_PROTOTYPES = YES;
				CLANG_WARN_SUSPICIOUS_MOVE = YES;
				CLANG_WARN_UNGUARDED_AVAILABILITY = YES_AGGRESSIVE;
				CLANG_WARN_UNREACHABLE_CODE = YES;
				CLANG_WARN__DUPLICATE_METHOD_MATCH = YES;
				COPY_PHASE_STRIP = NO;
				DEBUG_INFORMATION_FORMAT = "dwarf-with-dsym";
				ENABLE_NS_ASSERTIONS = NO;
				ENABLE_STRICT_OBJC_MSGSEND = YES;
				GCC_C_LANGUAGE_STANDARD = gnu11;
				GCC_NO_COMMON_BLOCKS = YES;
				GCC_WARN_64_TO_32_BIT_CONVERSION = YES;
				GCC_WARN_ABOUT_RETURN_TYPE = YES_ERROR;
				GCC_WARN_UNDECLARED_SELECTOR = YES;
				GCC_WARN_UNINITIALIZED_AUTOS = YES_AGGRESSIVE;
				GCC_WARN_UNUSED_FUNCTION = YES;
				GCC_WARN_UNUSED_VARIABLE = YES;
				IPHONEOS_DEPLOYMENT_TARGET = 13.5;
				MTL_ENABLE_DEBUG_INFO = NO;
				MTL_FAST_MATH = YES;
				SDKROOT = iphoneos;
				SWIFT_COMPILATION_MODE = wholemodule;
				SWIFT_OPTIMIZATION_LEVEL = "-O";
				VALIDATE_PRODUCT = YES;
			};
			name = Release;
		};
		6CF7F16824DAD6D50049175F /* Debug */ = {
			isa = XCBuildConfiguration;
			baseConfigurationReference = A92C7818CFF343D252A286A3 /* Pods-AccountBook.debug.xcconfig */;
			buildSettings = {
				ASSETCATALOG_COMPILER_APPICON_NAME = AppIcon;
				CODE_SIGN_IDENTITY = "Apple Development";
				CODE_SIGN_STYLE = Automatic;
				CURRENT_PROJECT_VERSION = 4;
				DEVELOPMENT_TEAM = RN5AZ948GK;
				INFOPLIST_FILE = AccountBook/Info.plist;
				IPHONEOS_DEPLOYMENT_TARGET = 14.0;
				LD_RUNPATH_SEARCH_PATHS = (
					"$(inherited)",
					"@executable_path/Frameworks",
				);
				MARKETING_VERSION = 1.2;
				OTHER_LDFLAGS = (
					"$(inherited)",
					"-l\"c++\"",
					"-l\"sqlite3\"",
					"-l\"z\"",
					"-framework",
					"\"AVFoundation\"",
					"-framework",
					"\"AudioToolbox\"",
					"-framework",
					"\"CFNetwork\"",
					"-framework",
					"\"CoreGraphics\"",
					"-framework",
					"\"CoreMedia\"",
					"-framework",
					"\"CoreTelephony\"",
					"-framework",
					"\"CoreVideo\"",
					"-framework",
					"\"FBLPromises\"",
					"-framework",
					"\"Foundation\"",
					"-framework",
					"\"GoogleAppMeasurement\"",
					"-framework",
					"\"GoogleMobileAds\"",
					"-framework",
					"\"GoogleUtilities\"",
					"-framework",
					"\"JGProgressHUD\"",
					"-framework",
					"\"Lottie\"",
					"-framework",
					"\"MediaPlayer\"",
					"-framework",
					"\"MessageUI\"",
					"-framework",
					"\"MobileCoreServices\"",
					"-framework",
					"\"PanModal\"",
					"-framework",
					"\"QuartzCore\"",
					"-framework",
					"\"RxCocoa\"",
					"-framework",
					"\"RxGesture\"",
					"-framework",
					"\"RxRelay\"",
					"-framework",
					"\"RxSwift\"",
					"-framework",
					"\"Security\"",
					"-framework",
					"\"StoreKit\"",
					"-framework",
					"\"SystemConfiguration\"",
					"-framework",
					"\"UIKit\"",
					"-framework",
					"\"UserMessagingPlatform\"",
					"-framework",
					"\"VerticalSlider\"",
					"-framework",
					"\"WebKit\"",
					"-framework",
					"\"nanopb\"",
					"-weak_framework",
					"\"AdSupport\"",
					"-weak_framework",
					"\"JavaScriptCore\"",
					"-weak_framework",
					"\"SafariServices\"",
					"-weak_framework",
					"\"WebKit\"",
					"-ObjC",
				);
				PRODUCT_BUNDLE_IDENTIFIER = com.pkh.AccountBook;
				PRODUCT_NAME = "$(TARGET_NAME)";
				PROVISIONING_PROFILE_SPECIFIER = "";
				SWIFT_VERSION = 5.0;
				TARGETED_DEVICE_FAMILY = 1;
			};
			name = Debug;
		};
		6CF7F16924DAD6D50049175F /* Release */ = {
			isa = XCBuildConfiguration;
			baseConfigurationReference = 25C796D0B60F66F60A95DB06 /* Pods-AccountBook.release.xcconfig */;
			buildSettings = {
				ASSETCATALOG_COMPILER_APPICON_NAME = AppIcon;
				CODE_SIGN_IDENTITY = "Apple Development";
				CODE_SIGN_STYLE = Automatic;
				CURRENT_PROJECT_VERSION = 4;
				DEVELOPMENT_TEAM = RN5AZ948GK;
				INFOPLIST_FILE = AccountBook/Info.plist;
				IPHONEOS_DEPLOYMENT_TARGET = 14.0;
				LD_RUNPATH_SEARCH_PATHS = (
					"$(inherited)",
					"@executable_path/Frameworks",
				);
				MARKETING_VERSION = 1.2;
				OTHER_LDFLAGS = (
					"$(inherited)",
					"-l\"c++\"",
					"-l\"sqlite3\"",
					"-l\"z\"",
					"-framework",
					"\"AVFoundation\"",
					"-framework",
					"\"AudioToolbox\"",
					"-framework",
					"\"CFNetwork\"",
					"-framework",
					"\"CoreGraphics\"",
					"-framework",
					"\"CoreMedia\"",
					"-framework",
					"\"CoreTelephony\"",
					"-framework",
					"\"CoreVideo\"",
					"-framework",
					"\"FBLPromises\"",
					"-framework",
					"\"Foundation\"",
					"-framework",
					"\"GoogleAppMeasurement\"",
					"-framework",
					"\"GoogleMobileAds\"",
					"-framework",
					"\"GoogleUtilities\"",
					"-framework",
					"\"JGProgressHUD\"",
					"-framework",
					"\"Lottie\"",
					"-framework",
					"\"MediaPlayer\"",
					"-framework",
					"\"MessageUI\"",
					"-framework",
					"\"MobileCoreServices\"",
					"-framework",
					"\"PanModal\"",
					"-framework",
					"\"QuartzCore\"",
					"-framework",
					"\"RxCocoa\"",
					"-framework",
					"\"RxGesture\"",
					"-framework",
					"\"RxRelay\"",
					"-framework",
					"\"RxSwift\"",
					"-framework",
					"\"Security\"",
					"-framework",
					"\"StoreKit\"",
					"-framework",
					"\"SystemConfiguration\"",
					"-framework",
					"\"UIKit\"",
					"-framework",
					"\"UserMessagingPlatform\"",
					"-framework",
					"\"VerticalSlider\"",
					"-framework",
					"\"WebKit\"",
					"-framework",
					"\"nanopb\"",
					"-weak_framework",
					"\"AdSupport\"",
					"-weak_framework",
					"\"JavaScriptCore\"",
					"-weak_framework",
					"\"SafariServices\"",
					"-weak_framework",
					"\"WebKit\"",
					"-ObjC",
				);
				PRODUCT_BUNDLE_IDENTIFIER = com.pkh.AccountBook;
				PRODUCT_NAME = "$(TARGET_NAME)";
				PROVISIONING_PROFILE_SPECIFIER = "";
				SWIFT_VERSION = 5.0;
				TARGETED_DEVICE_FAMILY = 1;
			};
			name = Release;
		};
/* End XCBuildConfiguration section */

/* Begin XCConfigurationList section */
		6CF7F14E24DAD6D30049175F /* Build configuration list for PBXProject "AccountBook" */ = {
			isa = XCConfigurationList;
			buildConfigurations = (
				6CF7F16524DAD6D50049175F /* Debug */,
				6CF7F16624DAD6D50049175F /* Release */,
			);
			defaultConfigurationIsVisible = 0;
			defaultConfigurationName = Release;
		};
		6CF7F16724DAD6D50049175F /* Build configuration list for PBXNativeTarget "AccountBook" */ = {
			isa = XCConfigurationList;
			buildConfigurations = (
				6CF7F16824DAD6D50049175F /* Debug */,
				6CF7F16924DAD6D50049175F /* Release */,
			);
			defaultConfigurationIsVisible = 0;
			defaultConfigurationName = Release;
		};
/* End XCConfigurationList section */

/* Begin XCRemoteSwiftPackageReference section */
		191F9F2C2A64F59D00E35FC3 /* XCRemoteSwiftPackageReference "realm-swift" */ = {
			isa = XCRemoteSwiftPackageReference;
			repositoryURL = "https://github.com/realm/realm-swift";
			requirement = {
				branch = master;
				kind = branch;
			};
		};
		196A4EFB2A3832D100A6D13D /* XCRemoteSwiftPackageReference "Then" */ = {
			isa = XCRemoteSwiftPackageReference;
			repositoryURL = "https://github.com/devxoul/Then";
			requirement = {
				kind = upToNextMajorVersion;
				minimumVersion = 3.0.0;
			};
		};
		196A4EFE2A3832FB00A6D13D /* XCRemoteSwiftPackageReference "SnapKit" */ = {
			isa = XCRemoteSwiftPackageReference;
			repositoryURL = "https://github.com/SnapKit/SnapKit";
			requirement = {
				kind = upToNextMajorVersion;
				minimumVersion = 5.0.0;
			};
		};
/* End XCRemoteSwiftPackageReference section */

/* Begin XCSwiftPackageProductDependency section */
		191F9F2D2A64F59D00E35FC3 /* Realm */ = {
			isa = XCSwiftPackageProductDependency;
			package = 191F9F2C2A64F59D00E35FC3 /* XCRemoteSwiftPackageReference "realm-swift" */;
			productName = Realm;
		};
		191F9F2F2A64F59D00E35FC3 /* RealmSwift */ = {
			isa = XCSwiftPackageProductDependency;
			package = 191F9F2C2A64F59D00E35FC3 /* XCRemoteSwiftPackageReference "realm-swift" */;
			productName = RealmSwift;
		};
		196A4EFC2A3832D100A6D13D /* Then */ = {
			isa = XCSwiftPackageProductDependency;
			package = 196A4EFB2A3832D100A6D13D /* XCRemoteSwiftPackageReference "Then" */;
			productName = Then;
		};
		196A4EFF2A3832FB00A6D13D /* SnapKit */ = {
			isa = XCSwiftPackageProductDependency;
			package = 196A4EFE2A3832FB00A6D13D /* XCRemoteSwiftPackageReference "SnapKit" */;
			productName = SnapKit;
		};
/* End XCSwiftPackageProductDependency section */

/* Begin XCVersionGroup section */
		6BB527B225552DBF0029DCEB /* DataModel.xcdatamodeld */ = {
			isa = XCVersionGroup;
			children = (
				6BB527B325552DBF0029DCEB /* DataModel.xcdatamodel */,
			);
			currentVersion = 6BB527B325552DBF0029DCEB /* DataModel.xcdatamodel */;
			path = DataModel.xcdatamodeld;
			sourceTree = "<group>";
			versionGroupType = wrapper.xcdatamodel;
		};
/* End XCVersionGroup section */
	};
	rootObject = 6CF7F14B24DAD6D30049175F /* Project object */;
}
